
Microsoft Visual Studio Solution File, Format Version 12.00
# Visual Studio 15
VisualStudioVersion = 15.0.27130.2020
MinimumVisualStudioVersion = 10.0.40219.1
Project("{2150E333-8FDC-42A3-9474-1A3956D46DE8}") = "src", "src", "{6913D97F-ECB1-48E4-955C-8AE5E220C953}"
EndProject
Project("{2150E333-8FDC-42A3-9474-1A3956D46DE8}") = "0 - Services", "0 - Services", "{626885B2-0976-4280-BABD-557515182B2D}"
EndProject
Project("{2150E333-8FDC-42A3-9474-1A3956D46DE8}") = "1 - Application", "1 - Application", "{CE608E25-881E-4789-8941-01BD03EF0AA1}"
EndProject
Project("{2150E333-8FDC-42A3-9474-1A3956D46DE8}") = "2 - Infra", "2 - Infra", "{53AF6CBB-5019-4569-8256-2A0A41482A0B}"
EndProject
Project("{2150E333-8FDC-42A3-9474-1A3956D46DE8}") = "2.1 - Data", "2.1 - Data", "{DA6E2C57-5FCE-472A-9A86-709BB609DDA5}"
EndProject
Project("{2150E333-8FDC-42A3-9474-1A3956D46DE8}") = "2.2 - CrossCutting", "2.2 - CrossCutting", "{F8F39A77-4462-483C-9BD4-3CC1B4BD7D0C}"
EndProject
Project("{9A19103F-16F7-4668-BE54-9A1E7A4F7556}") = "Library.API", "Library.API\Library.API.csproj", "{EB8E51D8-03D2-45D1-A531-20E842524E54}"
EndProject
Project("{9A19103F-16F7-4668-BE54-9A1E7A4F7556}") = "Library.Application", "Library.Application\Library.Application.csproj", "{EDD577AF-9C0E-4C89-A8AA-8CA079B0F575}"
EndProject
Project("{9A19103F-16F7-4668-BE54-9A1E7A4F7556}") = "Library.Infra.Data", "Library.Infra.Data\Library.Infra.Data.csproj", "{F01A81D0-8F4A-4547-9ABD-C34556320230}"
EndProject
Project("{9A19103F-16F7-4668-BE54-9A1E7A4F7556}") = "Library.Infra.CrossCutting.IoC", "Library.Infra.CrossCutting.IoC\Library.Infra.CrossCutting.IoC.csproj", "{A7F916E0-1966-4CE2-9DC8-0E0F5970EF4A}"
EndProject
Project("{2150E333-8FDC-42A3-9474-1A3956D46DE8}") = "3 - Domain", "3 - Domain", "{EC758E69-DF90-42D5-B65B-96932E87034B}"
EndProject
Project("{9A19103F-16F7-4668-BE54-9A1E7A4F7556}") = "Library.Domain", "Library.Domain\Library.Domain.csproj", "{4F0B1BA8-420D-4B91-8892-713A88ABE1E1}"
EndProject
Global
	GlobalSection(SolutionConfigurationPlatforms) = preSolution
		Debug|Any CPU = Debug|Any CPU
		Release|Any CPU = Release|Any CPU
	EndGlobalSection
	GlobalSection(ProjectConfigurationPlatforms) = postSolution
		{EB8E51D8-03D2-45D1-A531-20E842524E54}.Debug|Any CPU.ActiveCfg = Debug|Any CPU
		{EB8E51D8-03D2-45D1-A531-20E842524E54}.Debug|Any CPU.Build.0 = Debug|Any CPU
		{EB8E51D8-03D2-45D1-A531-20E842524E54}.Release|Any CPU.ActiveCfg = Release|Any CPU
		{EB8E51D8-03D2-45D1-A531-20E842524E54}.Release|Any CPU.Build.0 = Release|Any CPU
		{EDD577AF-9C0E-4C89-A8AA-8CA079B0F575}.Debug|Any CPU.ActiveCfg = Debug|Any CPU
		{EDD577AF-9C0E-4C89-A8AA-8CA079B0F575}.Debug|Any CPU.Build.0 = Debug|Any CPU
		{EDD577AF-9C0E-4C89-A8AA-8CA079B0F575}.Release|Any CPU.ActiveCfg = Release|Any CPU
		{EDD577AF-9C0E-4C89-A8AA-8CA079B0F575}.Release|Any CPU.Build.0 = Release|Any CPU
		{F01A81D0-8F4A-4547-9ABD-C34556320230}.Debug|Any CPU.ActiveCfg = Debug|Any CPU
		{F01A81D0-8F4A-4547-9ABD-C34556320230}.Debug|Any CPU.Build.0 = Debug|Any CPU
		{F01A81D0-8F4A-4547-9ABD-C34556320230}.Release|Any CPU.ActiveCfg = Release|Any CPU
		{F01A81D0-8F4A-4547-9ABD-C34556320230}.Release|Any CPU.Build.0 = Release|Any CPU
		{A7F916E0-1966-4CE2-9DC8-0E0F5970EF4A}.Debug|Any CPU.ActiveCfg = Debug|Any CPU
		{A7F916E0-1966-4CE2-9DC8-0E0F5970EF4A}.Debug|Any CPU.Build.0 = Debug|Any CPU
		{A7F916E0-1966-4CE2-9DC8-0E0F5970EF4A}.Release|Any CPU.ActiveCfg = Release|Any CPU
		{A7F916E0-1966-4CE2-9DC8-0E0F5970EF4A}.Release|Any CPU.Build.0 = Release|Any CPU
		{4F0B1BA8-420D-4B91-8892-713A88ABE1E1}.Debug|Any CPU.ActiveCfg = Debug|Any CPU
		{4F0B1BA8-420D-4B91-8892-713A88ABE1E1}.Debug|Any CPU.Build.0 = Debug|Any CPU
		{4F0B1BA8-420D-4B91-8892-713A88ABE1E1}.Release|Any CPU.ActiveCfg = Release|Any CPU
		{4F0B1BA8-420D-4B91-8892-713A88ABE1E1}.Release|Any CPU.Build.0 = Release|Any CPU
	EndGlobalSection
	GlobalSection(SolutionProperties) = preSolution
		HideSolutionNode = FALSE
	EndGlobalSection
	GlobalSection(NestedProjects) = preSolution
		{626885B2-0976-4280-BABD-557515182B2D} = {6913D97F-ECB1-48E4-955C-8AE5E220C953}
		{CE608E25-881E-4789-8941-01BD03EF0AA1} = {6913D97F-ECB1-48E4-955C-8AE5E220C953}
		{53AF6CBB-5019-4569-8256-2A0A41482A0B} = {6913D97F-ECB1-48E4-955C-8AE5E220C953}
		{DA6E2C57-5FCE-472A-9A86-709BB609DDA5} = {53AF6CBB-5019-4569-8256-2A0A41482A0B}
		{F8F39A77-4462-483C-9BD4-3CC1B4BD7D0C} = {53AF6CBB-5019-4569-8256-2A0A41482A0B}
		{EB8E51D8-03D2-45D1-A531-20E842524E54} = {626885B2-0976-4280-BABD-557515182B2D}
		{EDD577AF-9C0E-4C89-A8AA-8CA079B0F575} = {CE608E25-881E-4789-8941-01BD03EF0AA1}
		{F01A81D0-8F4A-4547-9ABD-C34556320230} = {DA6E2C57-5FCE-472A-9A86-709BB609DDA5}
		{A7F916E0-1966-4CE2-9DC8-0E0F5970EF4A} = {F8F39A77-4462-483C-9BD4-3CC1B4BD7D0C}
		{EC758E69-DF90-42D5-B65B-96932E87034B} = {6913D97F-ECB1-48E4-955C-8AE5E220C953}
		{4F0B1BA8-420D-4B91-8892-713A88ABE1E1} = {EC758E69-DF90-42D5-B65B-96932E87034B}
	EndGlobalSection
	GlobalSection(ExtensibilityGlobals) = postSolution
		SolutionGuid = {6A893786-6F20-408F-B079-A649737CFA6D}
	EndGlobalSection
EndGlobal
